
Microsoft Visual Studio Solution File, Format Version 12.00
# Visual Studio Version 16
VisualStudioVersion = 16.0.30413.136
MinimumVisualStudioVersion = 10.0.40219.1
Project("{FAE04EC0-301F-11D3-BF4B-00C04F79EFBC}") = "CustomerOrder.API", "CustomerOrder\CustomerOrder.API.csproj", "{DDA791FA-6FD1-499A-B727-228F8A9F5599}"
EndProject
Project("{FAE04EC0-301F-11D3-BF4B-00C04F79EFBC}") = "CustomerOrder.Core", "CustomerOrder.Core\CustomerOrder.Core.csproj", "{67B24162-684E-4529-B8FA-686D435516BA}"
EndProject
Project("{FAE04EC0-301F-11D3-BF4B-00C04F79EFBC}") = "CustomerOrder.DataAccess", "CustomerOrder.DataAccess\CustomerOrder.DataAccess.csproj", "{5AEDF401-CB16-4BED-934B-F9222A329943}"
EndProject
Global
	GlobalSection(SolutionConfigurationPlatforms) = preSolution
		Debug|Any CPU = Debug|Any CPU
		Release|Any CPU = Release|Any CPU
	EndGlobalSection
	GlobalSection(ProjectConfigurationPlatforms) = postSolution
		{DDA791FA-6FD1-499A-B727-228F8A9F5599}.Debug|Any CPU.ActiveCfg = Debug|Any CPU
		{DDA791FA-6FD1-499A-B727-228F8A9F5599}.Debug|Any CPU.Build.0 = Debug|Any CPU
		{DDA791FA-6FD1-499A-B727-228F8A9F5599}.Release|Any CPU.ActiveCfg = Release|Any CPU
		{DDA791FA-6FD1-499A-B727-228F8A9F5599}.Release|Any CPU.Build.0 = Release|Any CPU
		{67B24162-684E-4529-B8FA-686D435516BA}.Debug|Any CPU.ActiveCfg = Debug|Any CPU
		{67B24162-684E-4529-B8FA-686D435516BA}.Debug|Any CPU.Build.0 = Debug|Any CPU
		{67B24162-684E-4529-B8FA-686D435516BA}.Release|Any CPU.ActiveCfg = Release|Any CPU
		{67B24162-684E-4529-B8FA-686D435516BA}.Release|Any CPU.Build.0 = Release|Any CPU
		{5AEDF401-CB16-4BED-934B-F9222A329943}.Debug|Any CPU.ActiveCfg = Debug|Any CPU
		{5AEDF401-CB16-4BED-934B-F9222A329943}.Debug|Any CPU.Build.0 = Debug|Any CPU
		{5AEDF401-CB16-4BED-934B-F9222A329943}.Release|Any CPU.ActiveCfg = Release|Any CPU
		{5AEDF401-CB16-4BED-934B-F9222A329943}.Release|Any CPU.Build.0 = Release|Any CPU
	EndGlobalSection
	GlobalSection(SolutionProperties) = preSolution
		HideSolutionNode = FALSE
	EndGlobalSection
	GlobalSection(ExtensibilityGlobals) = postSolution
		SolutionGuid = {63D4D514-3930-4263-9F98-937DC2739DDC}
	EndGlobalSection
EndGlobal
